
Microsoft Visual Studio Solution File, Format Version 12.00
# Visual Studio Version 17
VisualStudioVersion = 17.9.34902.65
MinimumVisualStudioVersion = 10.0.40219.1
Project("{FAE04EC0-301F-11D3-BF4B-00C04F79EFBC}") = "FormatsCounter", "FormatsCounter.csproj", "{EBC1125C-55E6-4370-95EF-39F95200783E}"
EndProject
Global
	GlobalSection(SolutionConfigurationPlatforms) = preSolution
		Debug|Any CPU = Debug|Any CPU
		Release|Any CPU = Release|Any CPU
	EndGlobalSection
	GlobalSection(ProjectConfigurationPlatforms) = postSolution
		{EBC1125C-55E6-4370-95EF-39F95200783E}.Debug|Any CPU.ActiveCfg = Debug|Any CPU
		{EBC1125C-55E6-4370-95EF-39F95200783E}.Debug|Any CPU.Build.0 = Debug|Any CPU
		{EBC1125C-55E6-4370-95EF-39F95200783E}.Release|Any CPU.ActiveCfg = Release|Any CPU
		{EBC1125C-55E6-4370-95EF-39F95200783E}.Release|Any CPU.Build.0 = Release|Any CPU
	EndGlobalSection
	GlobalSection(SolutionProperties) = preSolution
		HideSolutionNode = FALSE
	EndGlobalSection
	GlobalSection(ExtensibilityGlobals) = postSolution
		SolutionGuid = {501D5995-C615-4288-B73F-232DA48DCCEA}
	EndGlobalSection
EndGlobal
